
Microsoft Visual Studio Solution File, Format Version 12.00
# Visual Studio Version 17
VisualStudioVersion = 17.4.33103.184
MinimumVisualStudioVersion = 10.0.40219.1
Project("{8BC9CEB8-8B4A-11D0-8D11-00A0C91BC942}") = "PolygonChecker", "PolygonChecker\PolygonChecker.vcxproj", "{2328FAE1-A1BF-420F-9F0C-C7CCC7F13314}"
EndProject
Project("{8BC9CEB8-8B4A-11D0-8D11-00A0C91BC942}") = "Determine Rectangle Testing", "REQ 001\REQ 001.vcxproj", "{80817570-4E0B-4123-B673-258202FA4894}"
EndProject
Project("{8BC9CEB8-8B4A-11D0-8D11-00A0C91BC942}") = "Calculate Length Testing", "Calculate Length Testing\Calculate Length Testing.vcxproj", "{40B76653-1F7A-4A2F-86C7-D2517C6912D8}"
EndProject
Project("{8BC9CEB8-8B4A-11D0-8D11-00A0C91BC942}") = "Analyze Triangle Test", "Analyze Triangle Test\Analyze Triangle Test.vcxproj", "{248ECED6-46EA-4A58-A101-776860744EC0}"
EndProject
Project("{8BC9CEB8-8B4A-11D0-8D11-00A0C91BC942}") = "Square Area Testing", "Square Area Testing\Square Area Testing.vcxproj", "{7C461DBB-D655-46A2-A9A7-D2670DF6FB3D}"
EndProject
Project("{8BC9CEB8-8B4A-11D0-8D11-00A0C91BC942}") = "Square Perimiter Testing", "Square Perimiter Testing\Square Perimiter Testing.vcxproj", "{0F95E584-8A0E-447E-88D3-A80258A41437}"
EndProject
Project("{8BC9CEB8-8B4A-11D0-8D11-00A0C91BC942}") = "Triangle Angle Testing", "Triangle Angle Testing\Triangle Angle Testing.vcxproj", "{444CD708-7A82-4162-A605-706B937406B9}"
EndProject
Project("{8BC9CEB8-8B4A-11D0-8D11-00A0C91BC942}") = "Area Rectangle Test", "Area Rectangle Test\Area Rectangle Test.vcxproj", "{B8F315A4-4FE5-4DF7-AD55-A5743D500E84}"
EndProject
Project("{8BC9CEB8-8B4A-11D0-8D11-00A0C91BC942}") = "Perimeter Rectangle Test", "Perimeter Rectangle Test\Perimeter Rectangle Test.vcxproj", "{40A4700F-0D65-49BA-8B4F-6D36A92D49EC}"
EndProject
Global
	GlobalSection(SolutionConfigurationPlatforms) = preSolution
		Debug|x64 = Debug|x64
		Debug|x86 = Debug|x86
		Release|x64 = Release|x64
		Release|x86 = Release|x86
	EndGlobalSection
	GlobalSection(ProjectConfigurationPlatforms) = postSolution
		{2328FAE1-A1BF-420F-9F0C-C7CCC7F13314}.Debug|x64.ActiveCfg = Debug|x64
		{2328FAE1-A1BF-420F-9F0C-C7CCC7F13314}.Debug|x64.Build.0 = Debug|x64
		{2328FAE1-A1BF-420F-9F0C-C7CCC7F13314}.Debug|x86.ActiveCfg = Debug|Win32
		{2328FAE1-A1BF-420F-9F0C-C7CCC7F13314}.Debug|x86.Build.0 = Debug|Win32
		{2328FAE1-A1BF-420F-9F0C-C7CCC7F13314}.Release|x64.ActiveCfg = Release|x64
		{2328FAE1-A1BF-420F-9F0C-C7CCC7F13314}.Release|x64.Build.0 = Release|x64
		{2328FAE1-A1BF-420F-9F0C-C7CCC7F13314}.Release|x86.ActiveCfg = Release|Win32
		{2328FAE1-A1BF-420F-9F0C-C7CCC7F13314}.Release|x86.Build.0 = Release|Win32
		{80817570-4E0B-4123-B673-258202FA4894}.Debug|x64.ActiveCfg = Debug|x64
		{80817570-4E0B-4123-B673-258202FA4894}.Debug|x64.Build.0 = Debug|x64
		{80817570-4E0B-4123-B673-258202FA4894}.Debug|x86.ActiveCfg = Debug|Win32
		{80817570-4E0B-4123-B673-258202FA4894}.Debug|x86.Build.0 = Debug|Win32
		{80817570-4E0B-4123-B673-258202FA4894}.Release|x64.ActiveCfg = Release|x64
		{80817570-4E0B-4123-B673-258202FA4894}.Release|x64.Build.0 = Release|x64
		{80817570-4E0B-4123-B673-258202FA4894}.Release|x86.ActiveCfg = Release|Win32
		{80817570-4E0B-4123-B673-258202FA4894}.Release|x86.Build.0 = Release|Win32
		{40B76653-1F7A-4A2F-86C7-D2517C6912D8}.Debug|x64.ActiveCfg = Debug|x64
		{40B76653-1F7A-4A2F-86C7-D2517C6912D8}.Debug|x64.Build.0 = Debug|x64
		{40B76653-1F7A-4A2F-86C7-D2517C6912D8}.Debug|x86.ActiveCfg = Debug|Win32
		{40B76653-1F7A-4A2F-86C7-D2517C6912D8}.Debug|x86.Build.0 = Debug|Win32
		{40B76653-1F7A-4A2F-86C7-D2517C6912D8}.Release|x64.ActiveCfg = Release|x64
		{40B76653-1F7A-4A2F-86C7-D2517C6912D8}.Release|x64.Build.0 = Release|x64
		{40B76653-1F7A-4A2F-86C7-D2517C6912D8}.Release|x86.ActiveCfg = Release|Win32
		{40B76653-1F7A-4A2F-86C7-D2517C6912D8}.Release|x86.Build.0 = Release|Win32
		{248ECED6-46EA-4A58-A101-776860744EC0}.Debug|x64.ActiveCfg = Debug|x64
		{248ECED6-46EA-4A58-A101-776860744EC0}.Debug|x64.Build.0 = Debug|x64
		{248ECED6-46EA-4A58-A101-776860744EC0}.Debug|x86.ActiveCfg = Debug|Win32
		{248ECED6-46EA-4A58-A101-776860744EC0}.Debug|x86.Build.0 = Debug|Win32
		{248ECED6-46EA-4A58-A101-776860744EC0}.Release|x64.ActiveCfg = Release|x64
		{248ECED6-46EA-4A58-A101-776860744EC0}.Release|x64.Build.0 = Release|x64
		{248ECED6-46EA-4A58-A101-776860744EC0}.Release|x86.ActiveCfg = Release|Win32
		{248ECED6-46EA-4A58-A101-776860744EC0}.Release|x86.Build.0 = Release|Win32
		{7C461DBB-D655-46A2-A9A7-D2670DF6FB3D}.Debug|x64.ActiveCfg = Debug|x64
		{7C461DBB-D655-46A2-A9A7-D2670DF6FB3D}.Debug|x64.Build.0 = Debug|x64
		{7C461DBB-D655-46A2-A9A7-D2670DF6FB3D}.Debug|x86.ActiveCfg = Debug|Win32
		{7C461DBB-D655-46A2-A9A7-D2670DF6FB3D}.Debug|x86.Build.0 = Debug|Win32
		{7C461DBB-D655-46A2-A9A7-D2670DF6FB3D}.Release|x64.ActiveCfg = Release|x64
		{7C461DBB-D655-46A2-A9A7-D2670DF6FB3D}.Release|x64.Build.0 = Release|x64
		{7C461DBB-D655-46A2-A9A7-D2670DF6FB3D}.Release|x86.ActiveCfg = Release|Win32
		{7C461DBB-D655-46A2-A9A7-D2670DF6FB3D}.Release|x86.Build.0 = Release|Win32
		{0F95E584-8A0E-447E-88D3-A80258A41437}.Debug|x64.ActiveCfg = Debug|x64
		{0F95E584-8A0E-447E-88D3-A80258A41437}.Debug|x64.Build.0 = Debug|x64
		{0F95E584-8A0E-447E-88D3-A80258A41437}.Debug|x86.ActiveCfg = Debug|Win32
		{0F95E584-8A0E-447E-88D3-A80258A41437}.Debug|x86.Build.0 = Debug|Win32
		{0F95E584-8A0E-447E-88D3-A80258A41437}.Release|x64.ActiveCfg = Release|x64
		{0F95E584-8A0E-447E-88D3-A80258A41437}.Release|x64.Build.0 = Release|x64
		{0F95E584-8A0E-447E-88D3-A80258A41437}.Release|x86.ActiveCfg = Release|Win32
		{0F95E584-8A0E-447E-88D3-A80258A41437}.Release|x86.Build.0 = Release|Win32
		{444CD708-7A82-4162-A605-706B937406B9}.Debug|x64.ActiveCfg = Debug|x64
		{444CD708-7A82-4162-A605-706B937406B9}.Debug|x64.Build.0 = Debug|x64
		{444CD708-7A82-4162-A605-706B937406B9}.Debug|x86.ActiveCfg = Debug|Win32
		{444CD708-7A82-4162-A605-706B937406B9}.Debug|x86.Build.0 = Debug|Win32
		{444CD708-7A82-4162-A605-706B937406B9}.Release|x64.ActiveCfg = Release|x64
		{444CD708-7A82-4162-A605-706B937406B9}.Release|x64.Build.0 = Release|x64
		{444CD708-7A82-4162-A605-706B937406B9}.Release|x86.ActiveCfg = Release|Win32
		{444CD708-7A82-4162-A605-706B937406B9}.Release|x86.Build.0 = Release|Win32
		{B8F315A4-4FE5-4DF7-AD55-A5743D500E84}.Debug|x64.ActiveCfg = Debug|x64
		{B8F315A4-4FE5-4DF7-AD55-A5743D500E84}.Debug|x64.Build.0 = Debug|x64
		{B8F315A4-4FE5-4DF7-AD55-A5743D500E84}.Debug|x86.ActiveCfg = Debug|Win32
		{B8F315A4-4FE5-4DF7-AD55-A5743D500E84}.Debug|x86.Build.0 = Debug|Win32
		{B8F315A4-4FE5-4DF7-AD55-A5743D500E84}.Release|x64.ActiveCfg = Release|x64
		{B8F315A4-4FE5-4DF7-AD55-A5743D500E84}.Release|x64.Build.0 = Release|x64
		{B8F315A4-4FE5-4DF7-AD55-A5743D500E84}.Release|x86.ActiveCfg = Release|Win32
		{B8F315A4-4FE5-4DF7-AD55-A5743D500E84}.Release|x86.Build.0 = Release|Win32
		{40A4700F-0D65-49BA-8B4F-6D36A92D49EC}.Debug|x64.ActiveCfg = Debug|x64
		{40A4700F-0D65-49BA-8B4F-6D36A92D49EC}.Debug|x64.Build.0 = Debug|x64
		{40A4700F-0D65-49BA-8B4F-6D36A92D49EC}.Debug|x86.ActiveCfg = Debug|Win32
		{40A4700F-0D65-49BA-8B4F-6D36A92D49EC}.Debug|x86.Build.0 = Debug|Win32
		{40A4700F-0D65-49BA-8B4F-6D36A92D49EC}.Release|x64.ActiveCfg = Release|x64
		{40A4700F-0D65-49BA-8B4F-6D36A92D49EC}.Release|x64.Build.0 = Release|x64
		{40A4700F-0D65-49BA-8B4F-6D36A92D49EC}.Release|x86.ActiveCfg = Release|Win32
		{40A4700F-0D65-49BA-8B4F-6D36A92D49EC}.Release|x86.Build.0 = Release|Win32
	EndGlobalSection
	GlobalSection(SolutionProperties) = preSolution
		HideSolutionNode = FALSE
	EndGlobalSection
	GlobalSection(ExtensibilityGlobals) = postSolution
		SolutionGuid = {2EB15426-9DAD-4308-B83A-391A646F34D8}
	EndGlobalSection
EndGlobal
